version = 1
revision = 2
requires-python = ">=3.10"
resolution-markers = [
    "python_full_version >= '3.11'",
    "python_full_version < '3.11'",
]

[[package]]
name = "ac-library-python"
version = "0.1.0"
source = { registry = "https://pypi.org/simple" }
sdist = { url = "https://files.pythonhosted.org/packages/93/b7/995992a9e8b843b7a17ec1e2537efd46c9a24d56b5cb8041a04c53816b0a/ac_library_python-0.1.0.tar.gz", hash = "sha256:1319283074a7df95d13431b4fbc80bd98c69ae20442e3266cc4bb5e39dea766a", size = 23580, upload-time = "2024-11-19T00:48:45.185Z" }
wheels = [
    { url = "https://files.pythonhosted.org/packages/04/a5/2327a9e3e9c311d6caa56e05d0ed656a986160eb961f99cc09962045c0e4/ac_library_python-0.1.0-py3-none-any.whl", hash = "sha256:569cdaf4837e9b820c867b1c7546483542e0e08c8a2732b5fefa11aa917d1d9d", size = 34248, upload-time = "2024-11-19T00:48:42.966Z" },
]

[[package]]
name = "atcoder"
version = "0.1.0"
source = { virtual = "." }
dependencies = [
    { name = "ac-library-python" },
    { name = "bitarray" },
    { name = "more-itertools" },
    { name = "mpmath" },
    { name = "networkx" },
    { name = "numpy" },
    { name = "pulp" },
    { name = "sortedcontainers" },
    { name = "sympy" },
    { name = "z3-solver" },
]

[package.metadata]
requires-dist = [
    { name = "ac-library-python", specifier = ">=0.1.0" },
    { name = "bitarray", specifier = "==2.6.2" },
    { name = "more-itertools", specifier = "==9.0.0" },
    { name = "mpmath", specifier = "==1.2.1" },
    { name = "networkx", specifier = "==3.0" },
    { name = "numpy", specifier = "==1.24.1" },
    { name = "pulp", specifier = "==2.7.0" },
    { name = "sortedcontainers", specifier = "==2.4.0" },
    { name = "sympy", specifier = "==1.11.1" },
    { name = "z3-solver", specifier = "==4.12.1.0" },
]

[[package]]
name = "bitarray"
version = "2.6.2"
source = { registry = "https://pypi.org/simple" }
sdist = { url = "https://files.pythonhosted.org/packages/6f/43/1408677bb749f7931fec740b0753455bfe3f7a10cfd692ea1f973d7b9a04/bitarray-2.6.2.tar.gz", hash = "sha256:90bac83ba6c37ab5048b43e07eba7d0de12f301ad6641633656fa269618a7301", size = 103565, upload-time = "2023-01-02T03:10:57.554Z" }
wheels = [
    { url = "https://files.pythonhosted.org/packages/38/8c/049c33745eda5517bcf771710c857330894a2012e57d2eeb522ada8ed5bd/bitarray-2.6.2-cp310-cp310-macosx_10_9_universal2.whl", hash = "sha256:5d3edf2988fff6629698e693b08787567016559f5d28f94ea0179f59a492cd74", size = 143806, upload-time = "2023-01-02T03:08:36.576Z" },
    { url = "https://files.pythonhosted.org/packages/12/a1/12d327445886cc0c9e182605bc8264726e02570e7116977aeae42b6896a1/bitarray-2.6.2-cp310-cp310-macosx_10_9_x86_64.whl", hash = "sha256:f14f628e984d46988d01402fb6ea3fae323c4bf374701c9f9c3c0d47698f02f2", size = 105317, upload-time = "2023-01-02T03:08:38.716Z" },
    { url = "https://files.pythonhosted.org/packages/80/bf/fa698422518c8dbf775615480fd33dfa8ed4086978ca93dade3d7dad3113/bitarray-2.6.2-cp310-cp310-macosx_11_0_arm64.whl", hash = "sha256:e73a6f8f5e42092bc5369276d8852d3f01412f135bc8338575841886a90095b7", size = 104467, upload-time = "2023-01-02T03:08:40.384Z" },
    { url = "https://files.pythonhosted.org/packages/39/51/c8dc329ed261cc464469c2000b78dff2af2b308e81dba2e05b0aae5d8f02/bitarray-2.6.2-cp310-cp310-manylinux_2_17_aarch64.manylinux2014_aarch64.whl", hash = "sha256:ff7ad4a624a70e13361aedeab1c4043aa3ceb0f1af2fe36b1a74bbbdbb99001d", size = 241284, upload-time = "2023-01-02T03:08:41.769Z" },
    { url = "https://files.pythonhosted.org/packages/48/3a/89decb563828c089dab76acdf110dbd202cd314e9112932c3d5562aa4f60/bitarray-2.6.2-cp310-cp310-manylinux_2_17_ppc64le.manylinux2014_ppc64le.whl", hash = "sha256:9c8ec7e422b539000ab589d4a45db83f854e3fc21a73a740cb4dc40a1737b146", size = 254519, upload-time = "2023-01-02T03:08:43.571Z" },
    { url = "https://files.pythonhosted.org/packages/e9/ca/c44c75148c93f70c363ed1aa58235e6d5bf04b87b2cddf9a256f00fc0a79/bitarray-2.6.2-cp310-cp310-manylinux_2_17_s390x.manylinux2014_s390x.whl", hash = "sha256:9fecc66634f011eda569dbf09886c237225224033fc31a5c90e17fa6478d09ff", size = 254846, upload-time = "2023-01-02T03:08:45.804Z" },
    { url = "https://files.pythonhosted.org/packages/ae/7a/2796c39d4ed2a45373582fe20c770c6992a56b58c4c4ff757f56ce9e4e84/bitarray-2.6.2-cp310-cp310-manylinux_2_17_x86_64.manylinux2014_x86_64.whl", hash = "sha256:5a70a264caff98525ea3ca62849649771fbb05b9e52e2ced47e092f6f4c0530d", size = 242722, upload-time = "2023-01-02T03:08:47.7Z" },
    { url = "https://files.pythonhosted.org/packages/08/0f/88aa0b23b6e403386feaa051a023542bbbcd0e62381360c4985955418b44/bitarray-2.6.2-cp310-cp310-manylinux_2_5_i686.manylinux1_i686.manylinux_2_17_i686.manylinux2014_i686.whl", hash = "sha256:8cea20ec562c982234a07e0a94c1653fb88afdc45c587b353cc16f25ba3a38da", size = 230815, upload-time = "2023-01-02T03:08:49.878Z" },
    { url = "https://files.pythonhosted.org/packages/e6/18/9e43fea5237ce59a29d214e8ef18f52451d10bb1c92e0a9e93c9c58fea44/bitarray-2.6.2-cp310-cp310-musllinux_1_1_aarch64.whl", hash = "sha256:9a8551dd0d255d16979c23d03f26b08993167789023dd2eb99cf0d7bebbc56e7", size = 272880, upload-time = "2023-01-02T03:08:51.597Z" },
    { url = "https://files.pythonhosted.org/packages/a9/c3/3bc3e5fbea66d8c6c65414bd746e7448e26ebccaaa5815f8346cd10a246e/bitarray-2.6.2-cp310-cp310-musllinux_1_1_i686.whl", hash = "sha256:d5fc9464457ffd3fbd400b26bfdcb6cad72fc90c1cf2697cd0d58e056b17681b", size = 260870, upload-time = "2023-01-02T03:08:52.965Z" },
    { url = "https://files.pythonhosted.org/packages/ae/11/d473bbf706d5b4bdf1e457507283f106cd02353314479c517e64aae4ecf0/bitarray-2.6.2-cp310-cp310-musllinux_1_1_ppc64le.whl", hash = "sha256:df692091edc855e74c6c753e20faa4e75da22da73736924a7f13f6c1842e121d", size = 283220, upload-time = "2023-01-02T03:08:54.46Z" },
    { url = "https://files.pythonhosted.org/packages/4b/0d/7ba9d5f44b70543ed969dd7b9f11548a93adb04818f13f54668354d6e33a/bitarray-2.6.2-cp310-cp310-musllinux_1_1_s390x.whl", hash = "sha256:a84ae1f37644317627859f4d68f9be4cfe6fcd2709e1fc7d511b23eb7aff3030", size = 288767, upload-time = "2023-01-02T03:08:55.904Z" },
    { url = "https://files.pythonhosted.org/packages/ea/47/003e2417cd19a4cfeef48796e7da5624aed38dad87cb0c5412400f0a9929/bitarray-2.6.2-cp310-cp310-musllinux_1_1_x86_64.whl", hash = "sha256:e44146573e2934b1be17459dc497c7d41774b9cbdb1946657799303dfffb68d2", size = 272369, upload-time = "2023-01-02T03:08:57.46Z" },
    { url = "https://files.pythonhosted.org/packages/16/71/6a1aec1d72f88236de4362b2df301ac6847d201143fc4a786a1310de87a2/bitarray-2.6.2-cp310-cp310-win32.whl", hash = "sha256:c1649dff7ddbee282a52b2b692e320a7a72de994c486a97d90d161ce5fa72c5c", size = 101807, upload-time = "2023-01-02T03:08:58.983Z" },
    { url = "https://files.pythonhosted.org/packages/da/39/27e3f3904d2f74b809c203e0011047f7780b4eedfb19da1d0e1de34dc3b9/bitarray-2.6.2-cp310-cp310-win_amd64.whl", hash = "sha256:88c327d53acd5faf9c6c537d2c5df75e057baecd6b46768becc7fe14cdd8d9cd", size = 107629, upload-time = "2023-01-02T03:09:00.598Z" },
    { url = "https://files.pythonhosted.org/packages/74/a3/79cd8975d3a6ee7bba09f65157497f53d516692ee03d48546fc42d2c684d/bitarray-2.6.2-cp311-cp311-macosx_10_9_universal2.whl", hash = "sha256:43a474e78d1fbafd09837140ca3e31429ee31a6ad86ab146af577019d41bfc8b", size = 143777, upload-time = "2023-01-02T03:09:02.241Z" },
    { url = "https://files.pythonhosted.org/packages/af/48/486ef68e1bd0dc4217822f5353a443a3a11d675c3fded4032565fefb6887/bitarray-2.6.2-cp311-cp311-macosx_10_9_x86_64.whl", hash = "sha256:3c484020a523f2c671bdc5a91bd7f1ce87440b817ec14f0dd4b2320f32bc8ee9", size = 105320, upload-time = "2023-01-02T03:09:03.667Z" },
    { url = "https://files.pythonhosted.org/packages/d8/12/7f2d0b0098ae2b5caf74c56f7be773b7f71bb9a57522f198bc93eade9d57/bitarray-2.6.2-cp311-cp311-macosx_11_0_arm64.whl", hash = "sha256:c939e71e9985ac836bc193fb1a3a4c7feb8d88bb6d1e4afe9cd6abe4181ef8d5", size = 104449, upload-time = "2023-01-02T03:09:05.066Z" },
    { url = "https://files.pythonhosted.org/packages/63/ba/86a4e65aa6781553ffe7f2143358c11fd4ef08ce96bfaa29c32c0516a4f2/bitarray-2.6.2-cp311-cp311-manylinux_2_17_aarch64.manylinux2014_aarch64.whl", hash = "sha256:194b738cbc8cdceaa25a4b393a3a8f43090f14704ecfdadac8c18407c15e158d", size = 247865, upload-time = "2023-01-02T03:09:07.282Z" },
    { url = "https://files.pythonhosted.org/packages/02/ea/b61b3baaf81793fd2328e1c790ac3c0d3c971caf81b9f220b6f20626e607/bitarray-2.6.2-cp311-cp311-manylinux_2_17_ppc64le.manylinux2014_ppc64le.whl", hash = "sha256:ce07f0271eec9ad21451fe9b94192e0430567ab9b3bd2c819465dc87eb3dc4fc", size = 261152, upload-time = "2023-01-02T03:09:08.785Z" },
    { url = "https://files.pythonhosted.org/packages/f6/2c/59c5f2f800d37c701c8ba60fd6837f975f73f6b895e1714048afa13f11b6/bitarray-2.6.2-cp311-cp311-manylinux_2_17_s390x.manylinux2014_s390x.whl", hash = "sha256:d04f76a0dc1a84a96b9fe1ad346b36796185b3334ba69877cd20cf735c98830b", size = 261338, upload-time = "2023-01-02T03:09:10.414Z" },
    { url = "https://files.pythonhosted.org/packages/2d/41/90074f3a546753d3fc3cb25d286a83c99b88d4fb1e2eca917ce6c0c22d26/bitarray-2.6.2-cp311-cp311-manylinux_2_17_x86_64.manylinux2014_x86_64.whl", hash = "sha256:76f94b1a536a2c38512875b1bc82a39d1e4682d74f79eb19db9107d8882150c8", size = 249200, upload-time = "2023-01-02T03:09:12.051Z" },
    { url = "https://files.pythonhosted.org/packages/2f/30/31b793699e2782ce931061c47ac4a696632942a205183b0c810a6b58e1c8/bitarray-2.6.2-cp311-cp311-manylinux_2_5_i686.manylinux1_i686.manylinux_2_17_i686.manylinux2014_i686.whl", hash = "sha256:b9d9863eaad6e5b7a7e93291f568b3b49b6c006e32e6bc0f1bdf4509deb39dc4", size = 236628, upload-time = "2023-01-02T03:09:13.416Z" },
    { url = "https://files.pythonhosted.org/packages/49/3f/56bcd8af73efdfa63978db88856ce79bf86b75bb357537396aaa4c9efb1f/bitarray-2.6.2-cp311-cp311-musllinux_1_1_aarch64.whl", hash = "sha256:3643817c717bbfaf7ee44d40b0b1b0fd0fb3dcd7e9d14c742d7c08cc8e7b8a31", size = 278638, upload-time = "2023-01-02T03:09:15.444Z" },
    { url = "https://files.pythonhosted.org/packages/02/61/353b781617b52c1afab79946878584243a3261e6df8d7ec3bb01fbef8448/bitarray-2.6.2-cp311-cp311-musllinux_1_1_i686.whl", hash = "sha256:4839626b802fc85adf61753dcc526e585b49b32e8cd0a46fdc8fd91970cd0d72", size = 265989, upload-time = "2023-01-02T03:09:17.091Z" },
    { url = "https://files.pythonhosted.org/packages/d8/47/2e4bd0a6b5a7b52f55094021d2ff405d957019ced88564c41071eb5ac4fa/bitarray-2.6.2-cp311-cp311-musllinux_1_1_ppc64le.whl", hash = "sha256:606f63dc9345c69598d5248900d497a83b58958003f246470e25de66b400c3f2", size = 289469, upload-time = "2023-01-02T03:09:18.484Z" },
    { url = "https://files.pythonhosted.org/packages/cd/1a/ecece4ba7bf59be02c4261ae84ad24b306f05d8b9c8fdefb1906e924d97f/bitarray-2.6.2-cp311-cp311-musllinux_1_1_s390x.whl", hash = "sha256:61a1b2a4826588fee73a3b87a86b7d2ae2cd16859ef4aca2d7fb244ae51932e0", size = 294450, upload-time = "2023-01-02T03:09:19.945Z" },
    { url = "https://files.pythonhosted.org/packages/db/6c/1423b9088defaf9ba145009f003c57084d625b19ca9f1af1543589f0cfcc/bitarray-2.6.2-cp311-cp311-musllinux_1_1_x86_64.whl", hash = "sha256:b444416cca8caa5c9a86e63703514c166bc6e3f37d7ce3668c7e9b93403f0de0", size = 277514, upload-time = "2023-01-02T03:09:21.268Z" },
    { url = "https://files.pythonhosted.org/packages/72/63/2d49ba70641c5e20dec2a05c4549fcd17ece4fd444afadda7a6c137911a2/bitarray-2.6.2-cp311-cp311-win32.whl", hash = "sha256:acce34ebcb69bc1a14ec7a9834bb63bb65eeb6d01b8346c5e06835423e4f5709", size = 101811, upload-time = "2023-01-02T03:09:23.115Z" },
    { url = "https://files.pythonhosted.org/packages/f2/dd/d0ad7bd1569b7525ba700d37cf2c73bf38a40e7e35a4afdc754386114505/bitarray-2.6.2-cp311-cp311-win_amd64.whl", hash = "sha256:ae0b4e7f07a2c6283686f3143bb6a9a4d95a930a21b54dfb1ecad65724879faf", size = 107628, upload-time = "2023-01-02T03:09:25.287Z" },
]

[[package]]
name = "more-itertools"
version = "9.0.0"
source = { registry = "https://pypi.org/simple" }
sdist = { url = "https://files.pythonhosted.org/packages/13/b3/397aa9668da8b1f0c307bc474608653d46122ae0563d1d32f60e24fa0cbd/more-itertools-9.0.0.tar.gz", hash = "sha256:5a6257e40878ef0520b1803990e3e22303a41b5714006c32a3fd8304b26ea1ab", size = 104237, upload-time = "2022-10-18T13:44:44.745Z" }
wheels = [
    { url = "https://files.pythonhosted.org/packages/5d/87/1ec3fcc09d2c04b977eabf8a1083222f82eaa2f46d5a4f85f403bf8e7b30/more_itertools-9.0.0-py3-none-any.whl", hash = "sha256:250e83d7e81d0c87ca6bd942e6aeab8cc9daa6096d12c5308f3f92fa5e5c1f41", size = 52811, upload-time = "2022-10-18T13:44:41.446Z" },
]

[[package]]
name = "mpmath"
version = "1.2.1"
source = { registry = "https://pypi.org/simple" }
sdist = { url = "https://files.pythonhosted.org/packages/95/ba/7384cb4db4ed474d4582944053549e02ec25da630810e4a23454bc9fa617/mpmath-1.2.1.tar.gz", hash = "sha256:79ffb45cf9f4b101a807595bcb3e72e0396202e0b1d25d689134b48c4216a81a", size = 2144222, upload-time = "2021-02-09T15:22:27.278Z" }
wheels = [
    { url = "https://files.pythonhosted.org/packages/d4/cf/3965bddbb4f1a61c49aacae0e78fd1fe36b5dc36c797b31f30cf07dcbbb7/mpmath-1.2.1-py3-none-any.whl", hash = "sha256:604bc21bd22d2322a177c73bdb573994ef76e62edd595d17e00aff24b0667e5c", size = 532568, upload-time = "2021-02-09T15:22:26.062Z" },
]

[[package]]
name = "networkx"
version = "3.0"
source = { registry = "https://pypi.org/simple" }
sdist = { url = "https://files.pythonhosted.org/packages/99/f9/d45c9ecf50a6b67a200e0bbd324201b5cd777dfc0e6c8f6d1620ce5a7ada/networkx-3.0.tar.gz", hash = "sha256:9a9992345353618ae98339c2b63d8201c381c2944f38a2ab49cb45a4c667e412", size = 1987075, upload-time = "2023-01-08T00:01:37.834Z" }
wheels = [
    { url = "https://files.pythonhosted.org/packages/11/eb/929b1a04b1778f4dd606c739c93c134306e4a31012e31e184c8308f3d985/networkx-3.0-py3-none-any.whl", hash = "sha256:58058d66b1818043527244fab9d41a51fcd7dcc271748015f3c181b8a90c8e2e", size = 2043929, upload-time = "2023-01-08T00:01:34.895Z" },
]

[[package]]
name = "numpy"
version = "1.24.1"
source = { registry = "https://pypi.org/simple" }
sdist = { url = "https://files.pythonhosted.org/packages/ce/b8/c170db50ec49d5845bd771bc5549fe734ee73083c5c52791915f95d8e2bc/numpy-1.24.1.tar.gz", hash = "sha256:2386da9a471cc00a1f47845e27d916d5ec5346ae9696e01a8a34760858fe9dd2", size = 10903184, upload-time = "2022-12-26T13:49:23.957Z" }
wheels = [
    { url = "https://files.pythonhosted.org/packages/6e/77/7b69133bf0f3a6b0000cdb6133ff5292734182ca0cd107ad7ff4c46e7bc1/numpy-1.24.1-cp310-cp310-macosx_10_9_x86_64.whl", hash = "sha256:179a7ef0889ab769cc03573b6217f54c8bd8e16cef80aad369e1e8185f994cd7", size = 19787192, upload-time = "2022-12-26T13:37:55.24Z" },
    { url = "https://files.pythonhosted.org/packages/39/5d/21ea2da2aa6f419a7e48a582b7f5c99ba62822dcd173a6e5a58b22748a36/numpy-1.24.1-cp310-cp310-macosx_11_0_arm64.whl", hash = "sha256:b09804ff570b907da323b3d762e74432fb07955701b17b08ff1b5ebaa8cfe6a9", size = 13850828, upload-time = "2022-12-26T13:38:16.656Z" },
    { url = "https://files.pythonhosted.org/packages/a0/a6/44d97c9d6ec619f0ff3a5a8471e5a1283a0ff492348214d512a79f32e9e4/numpy-1.24.1-cp310-cp310-manylinux_2_17_aarch64.manylinux2014_aarch64.whl", hash = "sha256:f1b739841821968798947d3afcefd386fa56da0caf97722a5de53e07c4ccedc7", size = 13991410, upload-time = "2022-12-26T13:38:37.531Z" },
    { url = "https://files.pythonhosted.org/packages/3d/17/2cc40e1ed44f37b0bab7d62e0c6ba88362da23f48e52833ffdd1b9dfc220/numpy-1.24.1-cp310-cp310-manylinux_2_17_x86_64.manylinux2014_x86_64.whl", hash = "sha256:0e3463e6ac25313462e04aea3fb8a0a30fb906d5d300f58b3bc2c23da6a15398", size = 17278662, upload-time = "2022-12-26T13:39:03.959Z" },
    { url = "https://files.pythonhosted.org/packages/24/c1/44f013eba432b5f18a044b587f96aa76964ea4eacbf512bd6c947a9f78c9/numpy-1.24.1-cp310-cp310-win32.whl", hash = "sha256:b31da69ed0c18be8b77bfce48d234e55d040793cebb25398e2a7d84199fbc7e2", size = 12419115, upload-time = "2022-12-26T13:39:22.76Z" },
    { url = "https://files.pythonhosted.org/packages/ee/70/c9055fe381e9e5103222e2f5efeb0cfb4524ab3c7d75b4eedc330380f9f5/numpy-1.24.1-cp310-cp310-win_amd64.whl", hash = "sha256:b07b40f5fb4fa034120a5796288f24c1fe0e0580bbfff99897ba6267af42def2", size = 14827043, upload-time = "2022-12-26T13:39:45.388Z" },
    { url = "https://files.pythonhosted.org/packages/cd/9b/0398b0638ccdda7167d407f50494406560d6e4b7f4e23c33588704e2928b/numpy-1.24.1-cp311-cp311-macosx_10_9_x86_64.whl", hash = "sha256:7094891dcf79ccc6bc2a1f30428fa5edb1e6fb955411ffff3401fb4ea93780a8", size = 19773970, upload-time = "2022-12-26T13:40:14.855Z" },
    { url = "https://files.pythonhosted.org/packages/b8/a9/993477a7d6a3fdb1b7bb2287333d027303b9af7643d90088a4c74a15dc1d/numpy-1.24.1-cp311-cp311-macosx_11_0_arm64.whl", hash = "sha256:28e418681372520c992805bb723e29d69d6b7aa411065f48216d8329d02ba032", size = 13836198, upload-time = "2022-12-26T13:40:35.479Z" },
    { url = "https://files.pythonhosted.org/packages/85/92/4a280c9d31ec4950b0de759722b9feb9cc9d680726da3578f6b993ae6236/numpy-1.24.1-cp311-cp311-manylinux_2_17_aarch64.manylinux2014_aarch64.whl", hash = "sha256:e274f0f6c7efd0d577744f52032fdd24344f11c5ae668fe8d01aac0422611df1", size = 13987725, upload-time = "2022-12-26T13:40:56.481Z" },
    { url = "https://files.pythonhosted.org/packages/db/24/5343241cabd04224e4fc4f2cf12b35146a90a83f53bef9b541c439a7dada/numpy-1.24.1-cp311-cp311-manylinux_2_17_x86_64.manylinux2014_x86_64.whl", hash = "sha256:0044f7d944ee882400890f9ae955220d29b33d809a038923d88e4e01d652acd9", size = 17274991, upload-time = "2022-12-26T13:41:21.848Z" },
    { url = "https://files.pythonhosted.org/packages/d7/18/4491cefc090909c3615315722fd09864b791c34a1f174845d41716278d23/numpy-1.24.1-cp311-cp311-win32.whl", hash = "sha256:442feb5e5bada8408e8fcd43f3360b78683ff12a4444670a7d9e9824c1817d36", size = 12412294, upload-time = "2022-12-26T13:41:40.895Z" },
    { url = "https://files.pythonhosted.org/packages/73/39/f104eb30cc3da44d1e10622418c5e6eb5ac224f0f20c97dba44cf2de2af9/numpy-1.24.1-cp311-cp311-win_amd64.whl", hash = "sha256:de92efa737875329b052982e37bd4371d52cabf469f83e7b8be9bb7752d67e51", size = 14819530, upload-time = "2022-12-26T13:42:02.811Z" },
]

[[package]]
name = "pulp"
version = "2.7.0"
source = { registry = "https://pypi.org/simple" }
sdist = { url = "https://files.pythonhosted.org/packages/59/41/44d617a67407ea5db026500025b8aa7cad0b2b52621c04991b248c3b383d/PuLP-2.7.0.tar.gz", hash = "sha256:e73ee6b32d639c9b8cf4b4aded334ba158be5f8313544e056f796ace0a10ae63", size = 1400315, upload-time = "2022-11-03T11:11:59.057Z" }
wheels = [
    { url = "https://files.pythonhosted.org/packages/a6/60/b91acaa7995bfcd72f1739ea2b0f5cda707329e17f0b7f921fd8acc79889/PuLP-2.7.0-py3-none-any.whl", hash = "sha256:b6de42c929e80325bf44cc7a2997f02535440800c376b9eb8cb7b4670ed53769", size = 14251631, upload-time = "2022-11-03T11:11:56.817Z" },
]

[[package]]
name = "sortedcontainers"
version = "2.4.0"
source = { registry = "https://pypi.org/simple" }
sdist = { url = "https://files.pythonhosted.org/packages/e8/c4/ba2f8066cceb6f23394729afe52f3bf7adec04bf9ed2c820b39e19299111/sortedcontainers-2.4.0.tar.gz", hash = "sha256:25caa5a06cc30b6b83d11423433f65d1f9d76c4c6a0c90e3379eaa43b9bfdb88", size = 30594, upload-time = "2021-05-16T22:03:42.897Z" }
wheels = [
    { url = "https://files.pythonhosted.org/packages/32/46/9cb0e58b2deb7f82b84065f37f3bffeb12413f947f9388e4cac22c4621ce/sortedcontainers-2.4.0-py2.py3-none-any.whl", hash = "sha256:a163dcaede0f1c021485e957a39245190e74249897e2ae4b2aa38595db237ee0", size = 29575, upload-time = "2021-05-16T22:03:41.177Z" },
]

[[package]]
name = "sympy"
version = "1.11.1"
source = { registry = "https://pypi.org/simple" }
dependencies = [
    { name = "mpmath" },
]
sdist = { url = "https://files.pythonhosted.org/packages/5a/36/4667b08bc45131fe655a27b1a112c1730f3244343c53a338f44d730bd6ba/sympy-1.11.1.tar.gz", hash = "sha256:e32380dce63cb7c0108ed525570092fd45168bdae2faa17e528221ef72e88658", size = 12921384, upload-time = "2022-08-30T17:33:21.269Z" }
wheels = [
    { url = "https://files.pythonhosted.org/packages/2d/49/a2d03101e2d28ad528968144831d506344418ef1cc04839acdbe185889c2/sympy-1.11.1-py3-none-any.whl", hash = "sha256:938f984ee2b1e8eae8a07b884c8b7a1146010040fccddc6539c54f401c8f6fcf", size = 6471005, upload-time = "2022-08-30T17:32:15.752Z" },
]

[[package]]
name = "z3-solver"
version = "4.12.1.0"
source = { registry = "https://pypi.org/simple" }
sdist = { url = "https://files.pythonhosted.org/packages/15/76/f16bfcfd3c7e8f929a4f26dc554bc8a086823c9225975b7b67b21ccb4d69/z3-solver-4.12.1.0.tar.gz", hash = "sha256:c6b7c0f1c595ba47609d0e02b0cc263dc755def9f8d6f51c1943aec040a1eb2d", size = 4783491, upload-time = "2023-01-18T03:51:51.439Z" }
wheels = [
    { url = "https://files.pythonhosted.org/packages/3e/bb/ee5de50e182972d02f61589b17a79c5647698cfb7500cd9bc8d1be7d0e75/z3_solver-4.12.1.0-py2.py3-none-macosx_10_16_x86_64.whl", hash = "sha256:c4f1a53bce12b45698e8e49bd980cd3d3f0298c1ba4cf8c40525af86797565c8", size = 29662470, upload-time = "2023-01-18T03:51:33.159Z" },
    { url = "https://files.pythonhosted.org/packages/5c/bf/6b2c0835f3a46e1330f677ddb072bac026cd1f452a54841100043038a385/z3_solver-4.12.1.0-py2.py3-none-macosx_11_0_arm64.whl", hash = "sha256:553ec3cd0188420bc5f007dd873fb0d87075d1b93808eca8c02324eb3a5f6f68", size = 26654383, upload-time = "2023-01-18T03:51:36.405Z" },
    { url = "https://files.pythonhosted.org/packages/03/53/265b4b11a3699f5ec23a87609a60fd10bb465221690daf271b07367cce87/z3_solver-4.12.1.0-py2.py3-none-manylinux1_x86_64.whl", hash = "sha256:41cb9ac460af30b193811eebf919d61cf51a8856bbd74b200cbe6b21e3e955e4", size = 56029449, upload-time = "2023-01-18T03:51:39.858Z" },
    { url = "https://files.pythonhosted.org/packages/87/f6/20e1fcd26f793fb16efeecfe2d71ff9526e93a803d56ae7df33982d39405/z3_solver-4.12.1.0-py2.py3-none-win32.whl", hash = "sha256:85ff9f59b0f87df4dc0cd52baebb247b8049f2df6aad623151f4c4a21d3d01ac", size = 55306921, upload-time = "2023-01-18T03:51:44.007Z" },
    { url = "https://files.pythonhosted.org/packages/74/d6/c9bb5625ad33255d63475cf1d9a240da5db67ae5eec9ee9d08beaba906a3/z3_solver-4.12.1.0-py2.py3-none-win_amd64.whl", hash = "sha256:aa0e06d42070774a2f89818c412514d41fc84578f32d617de618b214e5ed8154", size = 58153011, upload-time = "2023-01-18T03:51:48.251Z" },
]
